
Microsoft Visual Studio Solution File, Format Version 12.00
# Visual Studio 15
VisualStudioVersion = 15.0.27130.2003
MinimumVisualStudioVersion = 10.0.40219.1
Project("{9A19103F-16F7-4668-BE54-9A1E7A4F7556}") = "Blockchain.NET.Node", "Blockchain.NET.Node\Blockchain.NET.Node.csproj", "{4266F4D2-1A21-49ED-A942-EE9998662FC9}"
EndProject
Project("{9A19103F-16F7-4668-BE54-9A1E7A4F7556}") = "Blockchain.NET.Blockchain", "Blockchain.NET.Blockchain\Blockchain.NET.Blockchain.csproj", "{63A47781-DDBF-416D-A1F8-B54A7241B060}"
EndProject
Project("{9A19103F-16F7-4668-BE54-9A1E7A4F7556}") = "Blockchain.NET.Core", "Blockchain.NET.Core\Blockchain.NET.Core.csproj", "{5D33ECE7-4ADB-4271-86D0-C745BA428715}"
EndProject
Global
	GlobalSection(SolutionConfigurationPlatforms) = preSolution
		Debug|Any CPU = Debug|Any CPU
		Release|Any CPU = Release|Any CPU
	EndGlobalSection
	GlobalSection(ProjectConfigurationPlatforms) = postSolution
		{4266F4D2-1A21-49ED-A942-EE9998662FC9}.Debug|Any CPU.ActiveCfg = Debug|Any CPU
		{4266F4D2-1A21-49ED-A942-EE9998662FC9}.Debug|Any CPU.Build.0 = Debug|Any CPU
		{4266F4D2-1A21-49ED-A942-EE9998662FC9}.Release|Any CPU.ActiveCfg = Release|Any CPU
		{4266F4D2-1A21-49ED-A942-EE9998662FC9}.Release|Any CPU.Build.0 = Release|Any CPU
		{63A47781-DDBF-416D-A1F8-B54A7241B060}.Debug|Any CPU.ActiveCfg = Debug|Any CPU
		{63A47781-DDBF-416D-A1F8-B54A7241B060}.Debug|Any CPU.Build.0 = Debug|Any CPU
		{63A47781-DDBF-416D-A1F8-B54A7241B060}.Release|Any CPU.ActiveCfg = Release|Any CPU
		{63A47781-DDBF-416D-A1F8-B54A7241B060}.Release|Any CPU.Build.0 = Release|Any CPU
		{5D33ECE7-4ADB-4271-86D0-C745BA428715}.Debug|Any CPU.ActiveCfg = Debug|Any CPU
		{5D33ECE7-4ADB-4271-86D0-C745BA428715}.Debug|Any CPU.Build.0 = Debug|Any CPU
		{5D33ECE7-4ADB-4271-86D0-C745BA428715}.Release|Any CPU.ActiveCfg = Release|Any CPU
		{5D33ECE7-4ADB-4271-86D0-C745BA428715}.Release|Any CPU.Build.0 = Release|Any CPU
	EndGlobalSection
	GlobalSection(SolutionProperties) = preSolution
		HideSolutionNode = FALSE
	EndGlobalSection
	GlobalSection(ExtensibilityGlobals) = postSolution
		SolutionGuid = {658371E6-3D11-49C0-9AC6-801DABBB68CC}
	EndGlobalSection
EndGlobal
